
Microsoft Visual Studio Solution File, Format Version 12.00
# Visual Studio Version 18
VisualStudioVersion = 18.6.11819.183 stable
MinimumVisualStudioVersion = 10.0.40219.1
Project("{FAE04EC0-301F-11D3-BF4B-00C04F79EFBC}") = "Backend", "Backend.csproj", "{7BA353FB-1CC8-4530-AB3C-B50F7A864172}"
EndProject
Project("{FAE04EC0-301F-11D3-BF4B-00C04F79EFBC}") = "Backend.Tests", "..\Backend.Test\Backend.Tests.csproj", "{A4A8C064-49A6-3B0A-4E62-C509A5DF32C0}"
EndProject
Global
	GlobalSection(SolutionConfigurationPlatforms) = preSolution
		Debug|Any CPU = Debug|Any CPU
		Release|Any CPU = Release|Any CPU
	EndGlobalSection
	GlobalSection(ProjectConfigurationPlatforms) = postSolution
		{7BA353FB-1CC8-4530-AB3C-B50F7A864172}.Debug|Any CPU.ActiveCfg = Debug|Any CPU
		{7BA353FB-1CC8-4530-AB3C-B50F7A864172}.Debug|Any CPU.Build.0 = Debug|Any CPU
		{7BA353FB-1CC8-4530-AB3C-B50F7A864172}.Release|Any CPU.ActiveCfg = Release|Any CPU
		{7BA353FB-1CC8-4530-AB3C-B50F7A864172}.Release|Any CPU.Build.0 = Release|Any CPU
		{A4A8C064-49A6-3B0A-4E62-C509A5DF32C0}.Debug|Any CPU.ActiveCfg = Debug|Any CPU
		{A4A8C064-49A6-3B0A-4E62-C509A5DF32C0}.Debug|Any CPU.Build.0 = Debug|Any CPU
		{A4A8C064-49A6-3B0A-4E62-C509A5DF32C0}.Release|Any CPU.ActiveCfg = Release|Any CPU
		{A4A8C064-49A6-3B0A-4E62-C509A5DF32C0}.Release|Any CPU.Build.0 = Release|Any CPU
	EndGlobalSection
	GlobalSection(SolutionProperties) = preSolution
		HideSolutionNode = FALSE
	EndGlobalSection
	GlobalSection(ExtensibilityGlobals) = postSolution
		SolutionGuid = {4DC43463-46E0-42E3-A9AE-1AEEB1D567B5}
	EndGlobalSection
EndGlobal
